
Microsoft Visual Studio Solution File, Format Version 12.00
# Visual Studio Version 18
VisualStudioVersion = 18.5.11612.153
MinimumVisualStudioVersion = 10.0.40219.1
Project("{2150E333-8FDC-42A3-9474-1A3956D46DE8}") = "src", "src", "{28370E86-DEDE-4C5E-8270-979C22BF59B4}"
EndProject
Project("{2150E333-8FDC-42A3-9474-1A3956D46DE8}") = "test", "test", "{D67132DC-C461-4CCF-8C3B-09F900F8FE87}"
EndProject
Project("{FAE04EC0-301F-11D3-BF4B-00C04F79EFBC}") = "TerribleSettingsAuditor.Core.Tests.Unit", "test\MRJB.TSA.Core.Tests.Unit\TerribleSettingsAuditor.Core.Tests.Unit.csproj", "{CE103047-327D-466E-9289-2D7FD821307C}"
EndProject
Project("{2150E333-8FDC-42A3-9474-1A3956D46DE8}") = "_Solution Items", "_Solution Items", "{51B89E07-980C-478B-8AF2-F696D0814702}"
	ProjectSection(SolutionItems) = preProject
		.dockerignore = .dockerignore
		.gitignore = .gitignore
		README.md = README.md
	EndProjectSection
EndProject
Project("{2150E333-8FDC-42A3-9474-1A3956D46DE8}") = "tool", "tool", "{02EA681E-C7D8-13C7-8484-4AC65E1B71E8}"
EndProject
Project("{FAE04EC0-301F-11D3-BF4B-00C04F79EFBC}") = "TerribleSettingsAuditor.Core.Tests", "test\MRJB.TSA.Core.Tests\TerribleSettingsAuditor.Core.Tests.csproj", "{8FC0735D-D5BE-4EC9-A73D-FD89E9886F21}"
EndProject
Project("{FAE04EC0-301F-11D3-BF4B-00C04F79EFBC}") = "TerribleSettingsAuditor.SampleApp", "test\MRJB.TSA.SampleApp\TerribleSettingsAuditor.SampleApp.csproj", "{5F3489F2-DC3F-6543-1DA6-E8E87611926C}"
EndProject
Project("{FAE04EC0-301F-11D3-BF4B-00C04F79EFBC}") = "TerribleSettingsAuditor.Abstractions", "src\TerribleSettingsAuditor.Abstractions\TerribleSettingsAuditor.Abstractions.csproj", "{FC77A8EB-C341-3026-376B-D95A5BCE9AE0}"
EndProject
Project("{FAE04EC0-301F-11D3-BF4B-00C04F79EFBC}") = "TerribleSettingsAuditor.Core", "src\TerribleSettingsAuditor.Core\TerribleSettingsAuditor.Core.csproj", "{6440DF3F-D208-10AE-659E-0E97845074E1}"
EndProject
Global
	GlobalSection(SolutionConfigurationPlatforms) = preSolution
		Debug|Any CPU = Debug|Any CPU
		Release|Any CPU = Release|Any CPU
	EndGlobalSection
	GlobalSection(ProjectConfigurationPlatforms) = postSolution
		{CE103047-327D-466E-9289-2D7FD821307C}.Debug|Any CPU.ActiveCfg = Debug|Any CPU
		{CE103047-327D-466E-9289-2D7FD821307C}.Debug|Any CPU.Build.0 = Debug|Any CPU
		{CE103047-327D-466E-9289-2D7FD821307C}.Release|Any CPU.ActiveCfg = Release|Any CPU
		{CE103047-327D-466E-9289-2D7FD821307C}.Release|Any CPU.Build.0 = Release|Any CPU
		{8FC0735D-D5BE-4EC9-A73D-FD89E9886F21}.Debug|Any CPU.ActiveCfg = Debug|Any CPU
		{8FC0735D-D5BE-4EC9-A73D-FD89E9886F21}.Debug|Any CPU.Build.0 = Debug|Any CPU
		{8FC0735D-D5BE-4EC9-A73D-FD89E9886F21}.Release|Any CPU.ActiveCfg = Release|Any CPU
		{8FC0735D-D5BE-4EC9-A73D-FD89E9886F21}.Release|Any CPU.Build.0 = Release|Any CPU
		{5F3489F2-DC3F-6543-1DA6-E8E87611926C}.Debug|Any CPU.ActiveCfg = Debug|Any CPU
		{5F3489F2-DC3F-6543-1DA6-E8E87611926C}.Debug|Any CPU.Build.0 = Debug|Any CPU
		{5F3489F2-DC3F-6543-1DA6-E8E87611926C}.Release|Any CPU.ActiveCfg = Release|Any CPU
		{5F3489F2-DC3F-6543-1DA6-E8E87611926C}.Release|Any CPU.Build.0 = Release|Any CPU
		{FC77A8EB-C341-3026-376B-D95A5BCE9AE0}.Debug|Any CPU.ActiveCfg = Debug|Any CPU
		{FC77A8EB-C341-3026-376B-D95A5BCE9AE0}.Debug|Any CPU.Build.0 = Debug|Any CPU
		{FC77A8EB-C341-3026-376B-D95A5BCE9AE0}.Release|Any CPU.ActiveCfg = Release|Any CPU
		{FC77A8EB-C341-3026-376B-D95A5BCE9AE0}.Release|Any CPU.Build.0 = Release|Any CPU
		{6440DF3F-D208-10AE-659E-0E97845074E1}.Debug|Any CPU.ActiveCfg = Debug|Any CPU
		{6440DF3F-D208-10AE-659E-0E97845074E1}.Debug|Any CPU.Build.0 = Debug|Any CPU
		{6440DF3F-D208-10AE-659E-0E97845074E1}.Release|Any CPU.ActiveCfg = Release|Any CPU
		{6440DF3F-D208-10AE-659E-0E97845074E1}.Release|Any CPU.Build.0 = Release|Any CPU
	EndGlobalSection
	GlobalSection(SolutionProperties) = preSolution
		HideSolutionNode = FALSE
	EndGlobalSection
	GlobalSection(NestedProjects) = preSolution
		{CE103047-327D-466E-9289-2D7FD821307C} = {D67132DC-C461-4CCF-8C3B-09F900F8FE87}
		{8FC0735D-D5BE-4EC9-A73D-FD89E9886F21} = {D67132DC-C461-4CCF-8C3B-09F900F8FE87}
		{5F3489F2-DC3F-6543-1DA6-E8E87611926C} = {02EA681E-C7D8-13C7-8484-4AC65E1B71E8}
		{FC77A8EB-C341-3026-376B-D95A5BCE9AE0} = {28370E86-DEDE-4C5E-8270-979C22BF59B4}
		{6440DF3F-D208-10AE-659E-0E97845074E1} = {28370E86-DEDE-4C5E-8270-979C22BF59B4}
	EndGlobalSection
	GlobalSection(ExtensibilityGlobals) = postSolution
		SolutionGuid = {1AF04B61-0D21-40B6-B431-197F0F6B4A05}
	EndGlobalSection
EndGlobal
